
Microsoft Visual Studio Solution File, Format Version 12.00
# Visual Studio 2013
VisualStudioVersion = 12.0.31101.0
MinimumVisualStudioVersion = 10.0.40219.1
Project("{FAE04EC0-301F-11D3-BF4B-00C04F79EFBC}") = "HelloWPF", "HelloWPF\HelloWPF.csproj", "{B9C5497C-8E19-494E-B263-D1774BC6195D}"
EndProject
Project("{FAE04EC0-301F-11D3-BF4B-00C04F79EFBC}") = "TextBlockControl", "TextControl\TextBlockControl.csproj", "{A42FEF80-F297-416F-AB78-ED9E3F25D05B}"
EndProject
Project("{FAE04EC0-301F-11D3-BF4B-00C04F79EFBC}") = "LabelControl", "LabelControl\LabelControl.csproj", "{C06F70CA-B8B1-4630-B8E5-E91FECA9684A}"
EndProject
Project("{FAE04EC0-301F-11D3-BF4B-00C04F79EFBC}") = "TextBoxControl", "TextBoxControl\TextBoxControl.csproj", "{C03E6AAE-B551-48F1-BE3F-4179AF894165}"
EndProject
Project("{FAE04EC0-301F-11D3-BF4B-00C04F79EFBC}") = "CheckBoxControl", "CheckBoxControl\CheckBoxControl.csproj", "{EB580B6C-1FC2-4665-B8AC-FF9455E7F82D}"
EndProject
Project("{FAE04EC0-301F-11D3-BF4B-00C04F79EFBC}") = "RadioButtonControl", "RadioButtonControl\RadioButtonControl.csproj", "{A542FF7A-57BD-4161-8D3A-0921B9323027}"
EndProject
Global
	GlobalSection(SolutionConfigurationPlatforms) = preSolution
		Debug|Any CPU = Debug|Any CPU
		Release|Any CPU = Release|Any CPU
	EndGlobalSection
	GlobalSection(ProjectConfigurationPlatforms) = postSolution
		{B9C5497C-8E19-494E-B263-D1774BC6195D}.Debug|Any CPU.ActiveCfg = Debug|Any CPU
		{B9C5497C-8E19-494E-B263-D1774BC6195D}.Debug|Any CPU.Build.0 = Debug|Any CPU
		{B9C5497C-8E19-494E-B263-D1774BC6195D}.Release|Any CPU.ActiveCfg = Release|Any CPU
		{B9C5497C-8E19-494E-B263-D1774BC6195D}.Release|Any CPU.Build.0 = Release|Any CPU
		{A42FEF80-F297-416F-AB78-ED9E3F25D05B}.Debug|Any CPU.ActiveCfg = Debug|Any CPU
		{A42FEF80-F297-416F-AB78-ED9E3F25D05B}.Debug|Any CPU.Build.0 = Debug|Any CPU
		{A42FEF80-F297-416F-AB78-ED9E3F25D05B}.Release|Any CPU.ActiveCfg = Release|Any CPU
		{A42FEF80-F297-416F-AB78-ED9E3F25D05B}.Release|Any CPU.Build.0 = Release|Any CPU
		{C06F70CA-B8B1-4630-B8E5-E91FECA9684A}.Debug|Any CPU.ActiveCfg = Debug|Any CPU
		{C06F70CA-B8B1-4630-B8E5-E91FECA9684A}.Debug|Any CPU.Build.0 = Debug|Any CPU
		{C06F70CA-B8B1-4630-B8E5-E91FECA9684A}.Release|Any CPU.ActiveCfg = Release|Any CPU
		{C06F70CA-B8B1-4630-B8E5-E91FECA9684A}.Release|Any CPU.Build.0 = Release|Any CPU
		{C03E6AAE-B551-48F1-BE3F-4179AF894165}.Debug|Any CPU.ActiveCfg = Debug|Any CPU
		{C03E6AAE-B551-48F1-BE3F-4179AF894165}.Debug|Any CPU.Build.0 = Debug|Any CPU
		{C03E6AAE-B551-48F1-BE3F-4179AF894165}.Release|Any CPU.ActiveCfg = Release|Any CPU
		{C03E6AAE-B551-48F1-BE3F-4179AF894165}.Release|Any CPU.Build.0 = Release|Any CPU
		{EB580B6C-1FC2-4665-B8AC-FF9455E7F82D}.Debug|Any CPU.ActiveCfg = Debug|Any CPU
		{EB580B6C-1FC2-4665-B8AC-FF9455E7F82D}.Debug|Any CPU.Build.0 = Debug|Any CPU
		{EB580B6C-1FC2-4665-B8AC-FF9455E7F82D}.Release|Any CPU.ActiveCfg = Release|Any CPU
		{EB580B6C-1FC2-4665-B8AC-FF9455E7F82D}.Release|Any CPU.Build.0 = Release|Any CPU
		{A542FF7A-57BD-4161-8D3A-0921B9323027}.Debug|Any CPU.ActiveCfg = Debug|Any CPU
		{A542FF7A-57BD-4161-8D3A-0921B9323027}.Debug|Any CPU.Build.0 = Debug|Any CPU
		{A542FF7A-57BD-4161-8D3A-0921B9323027}.Release|Any CPU.ActiveCfg = Release|Any CPU
		{A542FF7A-57BD-4161-8D3A-0921B9323027}.Release|Any CPU.Build.0 = Release|Any CPU
	EndGlobalSection
	GlobalSection(SolutionProperties) = preSolution
		HideSolutionNode = FALSE
	EndGlobalSection
EndGlobal
